
Microsoft Visual Studio Solution File, Format Version 12.00
# Visual Studio Version 17
VisualStudioVersion = 17.12.35707.178
MinimumVisualStudioVersion = 10.0.40219.1
Project("{FAE04EC0-301F-11D3-BF4B-00C04F79EFBC}") = "Worksheet.App", "Worksheet.App\Worksheet.App.csproj", "{AA40ED43-FE79-45FE-AAE7-A93C85C99639}"
EndProject
Project("{FAE04EC0-301F-11D3-BF4B-00C04F79EFBC}") = "Worksheet.Core", "Worksheet.Core\Worksheet.Core.csproj", "{74F40656-6138-49DE-AD7D-F66A4C26CF9E}"
EndProject
Project("{FAE04EC0-301F-11D3-BF4B-00C04F79EFBC}") = "Worksheet.Tests", "Worksheet.Tests\Worksheet.Tests.csproj", "{76A52E40-C6E8-4013-85CD-D8CA4117D833}"
EndProject
Project("{FAE04EC0-301F-11D3-BF4B-00C04F79EFBC}") = "Worksheet.Chasm", "Worksheet.Chasm\Worksheet.Chasm.csproj", "{B449189D-EEC7-415C-BA2A-7CF5C038761E}"
EndProject
Project("{FAE04EC0-301F-11D3-BF4B-00C04F79EFBC}") = "Worksheet.Processing", "Worksheet.Processing\Worksheet.Processing.csproj", "{EA1BD310-99AA-4EC4-917B-952A5DC7E5C2}"
EndProject
Global
	GlobalSection(SolutionConfigurationPlatforms) = preSolution
		Debug|Any CPU = Debug|Any CPU
		Debug|x64 = Debug|x64
		Debug|x86 = Debug|x86
		Release|Any CPU = Release|Any CPU
		Release|x64 = Release|x64
		Release|x86 = Release|x86
	EndGlobalSection
	GlobalSection(ProjectConfigurationPlatforms) = postSolution
		{AA40ED43-FE79-45FE-AAE7-A93C85C99639}.Debug|Any CPU.ActiveCfg = Debug|Any CPU
		{AA40ED43-FE79-45FE-AAE7-A93C85C99639}.Debug|Any CPU.Build.0 = Debug|Any CPU
		{AA40ED43-FE79-45FE-AAE7-A93C85C99639}.Debug|x64.ActiveCfg = Debug|Any CPU
		{AA40ED43-FE79-45FE-AAE7-A93C85C99639}.Debug|x64.Build.0 = Debug|Any CPU
		{AA40ED43-FE79-45FE-AAE7-A93C85C99639}.Debug|x86.ActiveCfg = Debug|Any CPU
		{AA40ED43-FE79-45FE-AAE7-A93C85C99639}.Debug|x86.Build.0 = Debug|Any CPU
		{AA40ED43-FE79-45FE-AAE7-A93C85C99639}.Release|Any CPU.ActiveCfg = Release|Any CPU
		{AA40ED43-FE79-45FE-AAE7-A93C85C99639}.Release|Any CPU.Build.0 = Release|Any CPU
		{AA40ED43-FE79-45FE-AAE7-A93C85C99639}.Release|x64.ActiveCfg = Release|Any CPU
		{AA40ED43-FE79-45FE-AAE7-A93C85C99639}.Release|x64.Build.0 = Release|Any CPU
		{AA40ED43-FE79-45FE-AAE7-A93C85C99639}.Release|x86.ActiveCfg = Release|Any CPU
		{AA40ED43-FE79-45FE-AAE7-A93C85C99639}.Release|x86.Build.0 = Release|Any CPU
		{74F40656-6138-49DE-AD7D-F66A4C26CF9E}.Debug|Any CPU.ActiveCfg = Debug|Any CPU
		{74F40656-6138-49DE-AD7D-F66A4C26CF9E}.Debug|Any CPU.Build.0 = Debug|Any CPU
		{74F40656-6138-49DE-AD7D-F66A4C26CF9E}.Debug|x64.ActiveCfg = Debug|Any CPU
		{74F40656-6138-49DE-AD7D-F66A4C26CF9E}.Debug|x64.Build.0 = Debug|Any CPU
		{74F40656-6138-49DE-AD7D-F66A4C26CF9E}.Debug|x86.ActiveCfg = Debug|Any CPU
		{74F40656-6138-49DE-AD7D-F66A4C26CF9E}.Debug|x86.Build.0 = Debug|Any CPU
		{74F40656-6138-49DE-AD7D-F66A4C26CF9E}.Release|Any CPU.ActiveCfg = Release|Any CPU
		{74F40656-6138-49DE-AD7D-F66A4C26CF9E}.Release|Any CPU.Build.0 = Release|Any CPU
		{74F40656-6138-49DE-AD7D-F66A4C26CF9E}.Release|x64.ActiveCfg = Release|Any CPU
		{74F40656-6138-49DE-AD7D-F66A4C26CF9E}.Release|x64.Build.0 = Release|Any CPU
		{74F40656-6138-49DE-AD7D-F66A4C26CF9E}.Release|x86.ActiveCfg = Release|Any CPU
		{74F40656-6138-49DE-AD7D-F66A4C26CF9E}.Release|x86.Build.0 = Release|Any CPU
		{76A52E40-C6E8-4013-85CD-D8CA4117D833}.Debug|Any CPU.ActiveCfg = Debug|Any CPU
		{76A52E40-C6E8-4013-85CD-D8CA4117D833}.Debug|Any CPU.Build.0 = Debug|Any CPU
		{76A52E40-C6E8-4013-85CD-D8CA4117D833}.Debug|x64.ActiveCfg = Debug|Any CPU
		{76A52E40-C6E8-4013-85CD-D8CA4117D833}.Debug|x64.Build.0 = Debug|Any CPU
		{76A52E40-C6E8-4013-85CD-D8CA4117D833}.Debug|x86.ActiveCfg = Debug|Any CPU
		{76A52E40-C6E8-4013-85CD-D8CA4117D833}.Debug|x86.Build.0 = Debug|Any CPU
		{76A52E40-C6E8-4013-85CD-D8CA4117D833}.Release|Any CPU.ActiveCfg = Release|Any CPU
		{76A52E40-C6E8-4013-85CD-D8CA4117D833}.Release|Any CPU.Build.0 = Release|Any CPU
		{76A52E40-C6E8-4013-85CD-D8CA4117D833}.Release|x64.ActiveCfg = Release|Any CPU
		{76A52E40-C6E8-4013-85CD-D8CA4117D833}.Release|x64.Build.0 = Release|Any CPU
		{76A52E40-C6E8-4013-85CD-D8CA4117D833}.Release|x86.ActiveCfg = Release|Any CPU
		{76A52E40-C6E8-4013-85CD-D8CA4117D833}.Release|x86.Build.0 = Release|Any CPU
		{B449189D-EEC7-415C-BA2A-7CF5C038761E}.Debug|Any CPU.ActiveCfg = Debug|Any CPU
		{B449189D-EEC7-415C-BA2A-7CF5C038761E}.Debug|Any CPU.Build.0 = Debug|Any CPU
		{B449189D-EEC7-415C-BA2A-7CF5C038761E}.Debug|x64.ActiveCfg = Debug|Any CPU
		{B449189D-EEC7-415C-BA2A-7CF5C038761E}.Debug|x64.Build.0 = Debug|Any CPU
		{B449189D-EEC7-415C-BA2A-7CF5C038761E}.Debug|x86.ActiveCfg = Debug|Any CPU
		{B449189D-EEC7-415C-BA2A-7CF5C038761E}.Debug|x86.Build.0 = Debug|Any CPU
		{B449189D-EEC7-415C-BA2A-7CF5C038761E}.Release|Any CPU.ActiveCfg = Release|Any CPU
		{B449189D-EEC7-415C-BA2A-7CF5C038761E}.Release|Any CPU.Build.0 = Release|Any CPU
		{B449189D-EEC7-415C-BA2A-7CF5C038761E}.Release|x64.ActiveCfg = Release|Any CPU
		{B449189D-EEC7-415C-BA2A-7CF5C038761E}.Release|x64.Build.0 = Release|Any CPU
		{B449189D-EEC7-415C-BA2A-7CF5C038761E}.Release|x86.ActiveCfg = Release|Any CPU
		{B449189D-EEC7-415C-BA2A-7CF5C038761E}.Release|x86.Build.0 = Release|Any CPU
		{EA1BD310-99AA-4EC4-917B-952A5DC7E5C2}.Debug|Any CPU.ActiveCfg = Debug|Any CPU
		{EA1BD310-99AA-4EC4-917B-952A5DC7E5C2}.Debug|Any CPU.Build.0 = Debug|Any CPU
		{EA1BD310-99AA-4EC4-917B-952A5DC7E5C2}.Debug|x64.ActiveCfg = Debug|Any CPU
		{EA1BD310-99AA-4EC4-917B-952A5DC7E5C2}.Debug|x64.Build.0 = Debug|Any CPU
		{EA1BD310-99AA-4EC4-917B-952A5DC7E5C2}.Debug|x86.ActiveCfg = Debug|Any CPU
		{EA1BD310-99AA-4EC4-917B-952A5DC7E5C2}.Debug|x86.Build.0 = Debug|Any CPU
		{EA1BD310-99AA-4EC4-917B-952A5DC7E5C2}.Release|Any CPU.ActiveCfg = Release|Any CPU
		{EA1BD310-99AA-4EC4-917B-952A5DC7E5C2}.Release|Any CPU.Build.0 = Release|Any CPU
		{EA1BD310-99AA-4EC4-917B-952A5DC7E5C2}.Release|x64.ActiveCfg = Release|Any CPU
		{EA1BD310-99AA-4EC4-917B-952A5DC7E5C2}.Release|x64.Build.0 = Release|Any CPU
		{EA1BD310-99AA-4EC4-917B-952A5DC7E5C2}.Release|x86.ActiveCfg = Release|Any CPU
		{EA1BD310-99AA-4EC4-917B-952A5DC7E5C2}.Release|x86.Build.0 = Release|Any CPU
	EndGlobalSection
	GlobalSection(SolutionProperties) = preSolution
		HideSolutionNode = FALSE
	EndGlobalSection
EndGlobal
